
Microsoft Visual Studio Solution File, Format Version 12.00
# Visual Studio Version 16
VisualStudioVersion = 16.0.30114.105
MinimumVisualStudioVersion = 10.0.40219.1
Project("{9A19103F-16F7-4668-BE54-9A1E7A4F7556}") = "JsonLogger", "JsonLogger\JsonLogger.csproj", "{1077AF2D-CB9A-48DD-A0E1-E39DB3468E30}"
EndProject
Global
	GlobalSection(SolutionConfigurationPlatforms) = preSolution
		Debug|Any CPU = Debug|Any CPU
		Release|Any CPU = Release|Any CPU
	EndGlobalSection
	GlobalSection(ProjectConfigurationPlatforms) = postSolution
		{1077AF2D-CB9A-48DD-A0E1-E39DB3468E30}.Debug|Any CPU.ActiveCfg = Debug|Any CPU
		{1077AF2D-CB9A-48DD-A0E1-E39DB3468E30}.Debug|Any CPU.Build.0 = Debug|Any CPU
		{1077AF2D-CB9A-48DD-A0E1-E39DB3468E30}.Release|Any CPU.ActiveCfg = Release|Any CPU
		{1077AF2D-CB9A-48DD-A0E1-E39DB3468E30}.Release|Any CPU.Build.0 = Release|Any CPU
	EndGlobalSection
	GlobalSection(SolutionProperties) = preSolution
		HideSolutionNode = FALSE
	EndGlobalSection
	GlobalSection(ExtensibilityGlobals) = postSolution
		SolutionGuid = {484835CE-DF4E-4EC3-8EB1-CB8361884D45}
	EndGlobalSection
EndGlobal
